Microsoft Visual Studio Solution File, Format Version 12.00
# Visual Studio Version 17
VisualStudioVersion = 17.5.2.0
MinimumVisualStudioVersion = 10.0.40219.1
Project("{FAE04EC0-301F-11D3-BF4B-00C04F79EFBC}") = "rec-back2", "rec-back2.csproj", "{ECD73197-61B5-BD4B-B415-259DFE0C2630}"
EndProject
Global
	GlobalSection(SolutionConfigurationPlatforms) = preSolution
		Debug|Any CPU = Debug|Any CPU
		Release|Any CPU = Release|Any CPU
	EndGlobalSection
	GlobalSection(ProjectConfigurationPlatforms) = postSolution
		{ECD73197-61B5-BD4B-B415-259DFE0C2630}.Debug|Any CPU.ActiveCfg = Debug|Any CPU
		{ECD73197-61B5-BD4B-B415-259DFE0C2630}.Debug|Any CPU.Build.0 = Debug|Any CPU
		{ECD73197-61B5-BD4B-B415-259DFE0C2630}.Release|Any CPU.ActiveCfg = Release|Any CPU
		{ECD73197-61B5-BD4B-B415-259DFE0C2630}.Release|Any CPU.Build.0 = Release|Any CPU
	EndGlobalSection
	GlobalSection(SolutionProperties) = preSolution
		HideSolutionNode = FALSE
	EndGlobalSection
	GlobalSection(ExtensibilityGlobals) = postSolution
		SolutionGuid = {214AF865-6E9A-40C6-9834-A530C203A617}
	EndGlobalSection
EndGlobal
